
Microsoft Visual Studio Solution File, Format Version 12.00
# Visual Studio Version 17
VisualStudioVersion = 17.4.33103.184
MinimumVisualStudioVersion = 10.0.40219.1
Project("{9A19103F-16F7-4668-BE54-9A1E7A4F7556}") = "Microservices.ConfigServer.Client.MVC", "Microservices.ConfigServer.Client.MVC\Microservices.ConfigServer.Client.MVC.csproj", "{1705C763-FDDC-46DA-88FE-48C44FD9DF12}"
EndProject
Project("{9A19103F-16F7-4668-BE54-9A1E7A4F7556}") = "Microservices.ConfigServer.Server", "Microservices.ConfigServer.Server\Microservices.ConfigServer.Server.csproj", "{F429F3AB-AE95-4C7E-A9B1-53944E6A29D4}"
EndProject
Project("{9A19103F-16F7-4668-BE54-9A1E7A4F7556}") = "Microservices.ConfigServer.Eureka", "Microservices.ConfigServer.Eureka\Microservices.ConfigServer.Eureka.csproj", "{C981EB1F-CCC8-421F-BBC3-BB9A7C769602}"
EndProject
Project("{2150E333-8FDC-42A3-9474-1A3956D46DE8}") = "Solution Items", "Solution Items", "{1F420C2F-98EB-4796-97C3-AFCAECA0B026}"
	ProjectSection(SolutionItems) = preProject
		Docker-Compose.yaml = Docker-Compose.yaml
	EndProjectSection
EndProject
Global
	GlobalSection(SolutionConfigurationPlatforms) = preSolution
		Debug|Any CPU = Debug|Any CPU
		Release|Any CPU = Release|Any CPU
	EndGlobalSection
	GlobalSection(ProjectConfigurationPlatforms) = postSolution
		{1705C763-FDDC-46DA-88FE-48C44FD9DF12}.Debug|Any CPU.ActiveCfg = Debug|Any CPU
		{1705C763-FDDC-46DA-88FE-48C44FD9DF12}.Debug|Any CPU.Build.0 = Debug|Any CPU
		{1705C763-FDDC-46DA-88FE-48C44FD9DF12}.Release|Any CPU.ActiveCfg = Release|Any CPU
		{1705C763-FDDC-46DA-88FE-48C44FD9DF12}.Release|Any CPU.Build.0 = Release|Any CPU
		{F429F3AB-AE95-4C7E-A9B1-53944E6A29D4}.Debug|Any CPU.ActiveCfg = Debug|Any CPU
		{F429F3AB-AE95-4C7E-A9B1-53944E6A29D4}.Debug|Any CPU.Build.0 = Debug|Any CPU
		{F429F3AB-AE95-4C7E-A9B1-53944E6A29D4}.Release|Any CPU.ActiveCfg = Release|Any CPU
		{F429F3AB-AE95-4C7E-A9B1-53944E6A29D4}.Release|Any CPU.Build.0 = Release|Any CPU
		{C981EB1F-CCC8-421F-BBC3-BB9A7C769602}.Debug|Any CPU.ActiveCfg = Debug|Any CPU
		{C981EB1F-CCC8-421F-BBC3-BB9A7C769602}.Debug|Any CPU.Build.0 = Debug|Any CPU
		{C981EB1F-CCC8-421F-BBC3-BB9A7C769602}.Release|Any CPU.ActiveCfg = Release|Any CPU
		{C981EB1F-CCC8-421F-BBC3-BB9A7C769602}.Release|Any CPU.Build.0 = Release|Any CPU
	EndGlobalSection
	GlobalSection(SolutionProperties) = preSolution
		HideSolutionNode = FALSE
	EndGlobalSection
	GlobalSection(ExtensibilityGlobals) = postSolution
		SolutionGuid = {398A6E26-14A6-4B66-A598-CAF99D14D91C}
	EndGlobalSection
EndGlobal
