
Microsoft Visual Studio Solution File, Format Version 12.00
# Visual Studio Version 17
VisualStudioVersion = 17.5.002.0
MinimumVisualStudioVersion = 10.0.40219.1
Project("{9A19103F-16F7-4668-BE54-9A1E7A4F7556}") = "Microservices.Sales.API", "Microservices.Sales.API.csproj", "{7A03C8DF-6292-41B7-8FB8-6EBDD05BACDF}"
EndProject
Global
	GlobalSection(SolutionConfigurationPlatforms) = preSolution
		Debug|Any CPU = Debug|Any CPU
		Release|Any CPU = Release|Any CPU
	EndGlobalSection
	GlobalSection(ProjectConfigurationPlatforms) = postSolution
		{7A03C8DF-6292-41B7-8FB8-6EBDD05BACDF}.Debug|Any CPU.ActiveCfg = Debug|Any CPU
		{7A03C8DF-6292-41B7-8FB8-6EBDD05BACDF}.Debug|Any CPU.Build.0 = Debug|Any CPU
		{7A03C8DF-6292-41B7-8FB8-6EBDD05BACDF}.Release|Any CPU.ActiveCfg = Release|Any CPU
		{7A03C8DF-6292-41B7-8FB8-6EBDD05BACDF}.Release|Any CPU.Build.0 = Release|Any CPU
	EndGlobalSection
	GlobalSection(SolutionProperties) = preSolution
		HideSolutionNode = FALSE
	EndGlobalSection
	GlobalSection(ExtensibilityGlobals) = postSolution
		SolutionGuid = {F67EB8B2-C96A-4A93-AA7C-1D19D942E4A5}
	EndGlobalSection
EndGlobal
