
Microsoft Visual Studio Solution File, Format Version 12.00
# Visual Studio Version 17
VisualStudioVersion = 17.5.002.0
MinimumVisualStudioVersion = 10.0.40219.1
Project("{9A19103F-16F7-4668-BE54-9A1E7A4F7556}") = "Microservices.Products.ReadModels.API", "Microservices.Products.ReadModels.API.csproj", "{EF2281E8-DBA7-4188-B1C2-0F978EFB27F8}"
EndProject
Global
	GlobalSection(SolutionConfigurationPlatforms) = preSolution
		Debug|Any CPU = Debug|Any CPU
		Release|Any CPU = Release|Any CPU
	EndGlobalSection
	GlobalSection(ProjectConfigurationPlatforms) = postSolution
		{EF2281E8-DBA7-4188-B1C2-0F978EFB27F8}.Debug|Any CPU.ActiveCfg = Debug|Any CPU
		{EF2281E8-DBA7-4188-B1C2-0F978EFB27F8}.Debug|Any CPU.Build.0 = Debug|Any CPU
		{EF2281E8-DBA7-4188-B1C2-0F978EFB27F8}.Release|Any CPU.ActiveCfg = Release|Any CPU
		{EF2281E8-DBA7-4188-B1C2-0F978EFB27F8}.Release|Any CPU.Build.0 = Release|Any CPU
	EndGlobalSection
	GlobalSection(SolutionProperties) = preSolution
		HideSolutionNode = FALSE
	EndGlobalSection
	GlobalSection(ExtensibilityGlobals) = postSolution
		SolutionGuid = {C6CB8AFA-934E-4775-9581-D79353921279}
	EndGlobalSection
EndGlobal
