
Microsoft Visual Studio Solution File, Format Version 12.00
# Visual Studio Version 17
VisualStudioVersion = 17.4.33103.184
MinimumVisualStudioVersion = 10.0.40219.1
Project("{9A19103F-16F7-4668-BE54-9A1E7A4F7556}") = "Microservices.APIGateway.Product.API", "Microservices.APIGateway.Product.API\Microservices.APIGateway.Product.API.csproj", "{E41873F0-38D8-487D-A0C7-7E4EF3DDEA99}"
EndProject
Project("{9A19103F-16F7-4668-BE54-9A1E7A4F7556}") = "Microservices.APIGateway.Sale.API", "Microservices.APIGateway.Sale.API\Microservices.APIGateway.Sale.API.csproj", "{C676EE4D-0B24-494B-AFBB-CF0ED489C470}"
EndProject
Project("{54A90642-561A-4BB1-A94E-469ADEE60C69}") = "Microservices.APIGateway.Client.Angular", "Microservices.APIGateway.Client.Angular\Microservices.APIGateway.Client.Angular.esproj", "{4DE69FEF-073F-405D-B4E5-6553D05CEDE0}"
EndProject
Project("{2150E333-8FDC-42A3-9474-1A3956D46DE8}") = "Solution Items", "Solution Items", "{EA2147CE-6DDE-4D37-BC20-EA7D649AF2C3}"
	ProjectSection(SolutionItems) = preProject
		docker-compose.yaml = docker-compose.yaml
	EndProjectSection
EndProject
Project("{FAE04EC0-301F-11D3-BF4B-00C04F79EFBC}") = "Microservices.APIGateway.Ocelot", "Microservices.APIGateway.Ocelot\Microservices.APIGateway.Ocelot.csproj", "{4CCDDFE4-529F-40AA-A788-5F186B252E14}"
EndProject
Project("{FAE04EC0-301F-11D3-BF4B-00C04F79EFBC}") = "Microservices.APIGateway.Auth.API", "Microservices.APIGateway.Auth.API\Microservices.APIGateway.Auth.API.csproj", "{8BEC615E-C4FF-4EF9-87EF-3ECE0C78C69F}"
EndProject
Project("{FAE04EC0-301F-11D3-BF4B-00C04F79EFBC}") = "Microservices.APIGateway.DiscoveryService", "Microservices.APIGateway.DiscoveryService\Microservices.APIGateway.DiscoveryService.csproj", "{06E99473-FA14-4AE9-B43C-1A8C4A868F08}"
EndProject
Global
	GlobalSection(SolutionConfigurationPlatforms) = preSolution
		Debug|Any CPU = Debug|Any CPU
		Release|Any CPU = Release|Any CPU
	EndGlobalSection
	GlobalSection(ProjectConfigurationPlatforms) = postSolution
		{E41873F0-38D8-487D-A0C7-7E4EF3DDEA99}.Debug|Any CPU.ActiveCfg = Debug|Any CPU
		{E41873F0-38D8-487D-A0C7-7E4EF3DDEA99}.Debug|Any CPU.Build.0 = Debug|Any CPU
		{E41873F0-38D8-487D-A0C7-7E4EF3DDEA99}.Release|Any CPU.ActiveCfg = Release|Any CPU
		{E41873F0-38D8-487D-A0C7-7E4EF3DDEA99}.Release|Any CPU.Build.0 = Release|Any CPU
		{C676EE4D-0B24-494B-AFBB-CF0ED489C470}.Debug|Any CPU.ActiveCfg = Debug|Any CPU
		{C676EE4D-0B24-494B-AFBB-CF0ED489C470}.Debug|Any CPU.Build.0 = Debug|Any CPU
		{C676EE4D-0B24-494B-AFBB-CF0ED489C470}.Release|Any CPU.ActiveCfg = Release|Any CPU
		{C676EE4D-0B24-494B-AFBB-CF0ED489C470}.Release|Any CPU.Build.0 = Release|Any CPU
		{4DE69FEF-073F-405D-B4E5-6553D05CEDE0}.Debug|Any CPU.ActiveCfg = Debug|Any CPU
		{4DE69FEF-073F-405D-B4E5-6553D05CEDE0}.Debug|Any CPU.Build.0 = Debug|Any CPU
		{4DE69FEF-073F-405D-B4E5-6553D05CEDE0}.Debug|Any CPU.Deploy.0 = Debug|Any CPU
		{4DE69FEF-073F-405D-B4E5-6553D05CEDE0}.Release|Any CPU.ActiveCfg = Release|Any CPU
		{4DE69FEF-073F-405D-B4E5-6553D05CEDE0}.Release|Any CPU.Build.0 = Release|Any CPU
		{4DE69FEF-073F-405D-B4E5-6553D05CEDE0}.Release|Any CPU.Deploy.0 = Release|Any CPU
		{4CCDDFE4-529F-40AA-A788-5F186B252E14}.Debug|Any CPU.ActiveCfg = Debug|Any CPU
		{4CCDDFE4-529F-40AA-A788-5F186B252E14}.Debug|Any CPU.Build.0 = Debug|Any CPU
		{4CCDDFE4-529F-40AA-A788-5F186B252E14}.Release|Any CPU.ActiveCfg = Release|Any CPU
		{4CCDDFE4-529F-40AA-A788-5F186B252E14}.Release|Any CPU.Build.0 = Release|Any CPU
		{8BEC615E-C4FF-4EF9-87EF-3ECE0C78C69F}.Debug|Any CPU.ActiveCfg = Debug|Any CPU
		{8BEC615E-C4FF-4EF9-87EF-3ECE0C78C69F}.Debug|Any CPU.Build.0 = Debug|Any CPU
		{8BEC615E-C4FF-4EF9-87EF-3ECE0C78C69F}.Release|Any CPU.ActiveCfg = Release|Any CPU
		{8BEC615E-C4FF-4EF9-87EF-3ECE0C78C69F}.Release|Any CPU.Build.0 = Release|Any CPU
		{06E99473-FA14-4AE9-B43C-1A8C4A868F08}.Debug|Any CPU.ActiveCfg = Debug|Any CPU
		{06E99473-FA14-4AE9-B43C-1A8C4A868F08}.Debug|Any CPU.Build.0 = Debug|Any CPU
		{06E99473-FA14-4AE9-B43C-1A8C4A868F08}.Release|Any CPU.ActiveCfg = Release|Any CPU
		{06E99473-FA14-4AE9-B43C-1A8C4A868F08}.Release|Any CPU.Build.0 = Release|Any CPU
	EndGlobalSection
	GlobalSection(SolutionProperties) = preSolution
		HideSolutionNode = FALSE
	EndGlobalSection
	GlobalSection(ExtensibilityGlobals) = postSolution
		SolutionGuid = {D60E6945-66FC-4ED1-9C41-B9CF53D41482}
	EndGlobalSection
EndGlobal
