
Microsoft Visual Studio Solution File, Format Version 12.00
# Visual Studio Version 17
VisualStudioVersion = 17.4.33103.184
MinimumVisualStudioVersion = 10.0.40219.1
Project("{FAE04EC0-301F-11D3-BF4B-00C04F79EFBC}") = "ClientUI", "ClientUI\ClientUI.csproj", "{33E6D5D9-F9D3-4932-860D-3C1A191273BE}"
EndProject
Project("{FAE04EC0-301F-11D3-BF4B-00C04F79EFBC}") = "Commands", "Commands\Commands.csproj", "{AE926B22-999D-4CBD-BF02-6AA8B446BD48}"
EndProject
Project("{FAE04EC0-301F-11D3-BF4B-00C04F79EFBC}") = "HandleMessages", "HandleMessages\HandleMessages.csproj", "{A1155DA5-3D9A-4241-AC32-E58458568D9A}"
EndProject
Global
	GlobalSection(SolutionConfigurationPlatforms) = preSolution
		Debug|Any CPU = Debug|Any CPU
		Release|Any CPU = Release|Any CPU
	EndGlobalSection
	GlobalSection(ProjectConfigurationPlatforms) = postSolution
		{33E6D5D9-F9D3-4932-860D-3C1A191273BE}.Debug|Any CPU.ActiveCfg = Debug|Any CPU
		{33E6D5D9-F9D3-4932-860D-3C1A191273BE}.Debug|Any CPU.Build.0 = Debug|Any CPU
		{33E6D5D9-F9D3-4932-860D-3C1A191273BE}.Release|Any CPU.ActiveCfg = Release|Any CPU
		{33E6D5D9-F9D3-4932-860D-3C1A191273BE}.Release|Any CPU.Build.0 = Release|Any CPU
		{AE926B22-999D-4CBD-BF02-6AA8B446BD48}.Debug|Any CPU.ActiveCfg = Debug|Any CPU
		{AE926B22-999D-4CBD-BF02-6AA8B446BD48}.Debug|Any CPU.Build.0 = Debug|Any CPU
		{AE926B22-999D-4CBD-BF02-6AA8B446BD48}.Release|Any CPU.ActiveCfg = Release|Any CPU
		{AE926B22-999D-4CBD-BF02-6AA8B446BD48}.Release|Any CPU.Build.0 = Release|Any CPU
		{A1155DA5-3D9A-4241-AC32-E58458568D9A}.Debug|Any CPU.ActiveCfg = Debug|Any CPU
		{A1155DA5-3D9A-4241-AC32-E58458568D9A}.Debug|Any CPU.Build.0 = Debug|Any CPU
		{A1155DA5-3D9A-4241-AC32-E58458568D9A}.Release|Any CPU.ActiveCfg = Release|Any CPU
		{A1155DA5-3D9A-4241-AC32-E58458568D9A}.Release|Any CPU.Build.0 = Release|Any CPU
	EndGlobalSection
	GlobalSection(SolutionProperties) = preSolution
		HideSolutionNode = FALSE
	EndGlobalSection
	GlobalSection(ExtensibilityGlobals) = postSolution
		SolutionGuid = {40601297-B064-4272-B08D-AD50ACCD00EF}
	EndGlobalSection
EndGlobal
